
Microsoft Visual Studio Solution File, Format Version 12.00
# Visual Studio Version 17
VisualStudioVersion = 17.7.34031.279
MinimumVisualStudioVersion = 10.0.40219.1
Project("{FAE04EC0-301F-11D3-BF4B-00C04F79EFBC}") = "TuristApp.Android", "TuristApp\TuristApp.Android\TuristApp.Android.csproj", "{8F2B80DD-30B2-4F93-A769-33938ED4EE39}"
EndProject
Project("{FAE04EC0-301F-11D3-BF4B-00C04F79EFBC}") = "TuristApp.iOS", "TuristApp\TuristApp.iOS\TuristApp.iOS.csproj", "{55A30045-EFCE-4678-A487-F9257FE2541B}"
EndProject
Project("{FAE04EC0-301F-11D3-BF4B-00C04F79EFBC}") = "TuristApp", "TuristApp\TuristApp\TuristApp.csproj", "{95B5735A-8835-4A25-B48E-5FC252ACCF89}"
EndProject
Global
	GlobalSection(SolutionConfigurationPlatforms) = preSolution
		Debug|Any CPU = Debug|Any CPU
		Debug|iPhone = Debug|iPhone
		Debug|iPhoneSimulator = Debug|iPhoneSimulator
		Release|Any CPU = Release|Any CPU
		Release|iPhone = Release|iPhone
		Release|iPhoneSimulator = Release|iPhoneSimulator
	EndGlobalSection
	GlobalSection(ProjectConfigurationPlatforms) = postSolution
		{8F2B80DD-30B2-4F93-A769-33938ED4EE39}.Debug|Any CPU.ActiveCfg = Debug|Any CPU
		{8F2B80DD-30B2-4F93-A769-33938ED4EE39}.Debug|Any CPU.Build.0 = Debug|Any CPU
		{8F2B80DD-30B2-4F93-A769-33938ED4EE39}.Debug|Any CPU.Deploy.0 = Debug|Any CPU
		{8F2B80DD-30B2-4F93-A769-33938ED4EE39}.Debug|iPhone.ActiveCfg = Debug|Any CPU
		{8F2B80DD-30B2-4F93-A769-33938ED4EE39}.Debug|iPhone.Build.0 = Debug|Any CPU
		{8F2B80DD-30B2-4F93-A769-33938ED4EE39}.Debug|iPhone.Deploy.0 = Debug|Any CPU
		{8F2B80DD-30B2-4F93-A769-33938ED4EE39}.Debug|iPhoneSimulator.ActiveCfg = Debug|Any CPU
		{8F2B80DD-30B2-4F93-A769-33938ED4EE39}.Debug|iPhoneSimulator.Build.0 = Debug|Any CPU
		{8F2B80DD-30B2-4F93-A769-33938ED4EE39}.Debug|iPhoneSimulator.Deploy.0 = Debug|Any CPU
		{8F2B80DD-30B2-4F93-A769-33938ED4EE39}.Release|Any CPU.ActiveCfg = Release|Any CPU
		{8F2B80DD-30B2-4F93-A769-33938ED4EE39}.Release|Any CPU.Build.0 = Release|Any CPU
		{8F2B80DD-30B2-4F93-A769-33938ED4EE39}.Release|Any CPU.Deploy.0 = Release|Any CPU
		{8F2B80DD-30B2-4F93-A769-33938ED4EE39}.Release|iPhone.ActiveCfg = Release|Any CPU
		{8F2B80DD-30B2-4F93-A769-33938ED4EE39}.Release|iPhone.Build.0 = Release|Any CPU
		{8F2B80DD-30B2-4F93-A769-33938ED4EE39}.Release|iPhone.Deploy.0 = Release|Any CPU
		{8F2B80DD-30B2-4F93-A769-33938ED4EE39}.Release|iPhoneSimulator.ActiveCfg = Release|Any CPU
		{8F2B80DD-30B2-4F93-A769-33938ED4EE39}.Release|iPhoneSimulator.Build.0 = Release|Any CPU
		{8F2B80DD-30B2-4F93-A769-33938ED4EE39}.Release|iPhoneSimulator.Deploy.0 = Release|Any CPU
		{55A30045-EFCE-4678-A487-F9257FE2541B}.Debug|Any CPU.ActiveCfg = Debug|iPhone
		{55A30045-EFCE-4678-A487-F9257FE2541B}.Debug|Any CPU.Build.0 = Debug|iPhone
		{55A30045-EFCE-4678-A487-F9257FE2541B}.Debug|Any CPU.Deploy.0 = Debug|iPhone
		{55A30045-EFCE-4678-A487-F9257FE2541B}.Debug|iPhone.ActiveCfg = Debug|iPhone
		{55A30045-EFCE-4678-A487-F9257FE2541B}.Debug|iPhone.Build.0 = Debug|iPhone
		{55A30045-EFCE-4678-A487-F9257FE2541B}.Debug|iPhone.Deploy.0 = Debug|iPhone
		{55A30045-EFCE-4678-A487-F9257FE2541B}.Debug|iPhoneSimulator.ActiveCfg = Debug|iPhoneSimulator
		{55A30045-EFCE-4678-A487-F9257FE2541B}.Debug|iPhoneSimulator.Build.0 = Debug|iPhoneSimulator
		{55A30045-EFCE-4678-A487-F9257FE2541B}.Debug|iPhoneSimulator.Deploy.0 = Debug|iPhoneSimulator
		{55A30045-EFCE-4678-A487-F9257FE2541B}.Release|Any CPU.ActiveCfg = Release|iPhoneSimulator
		{55A30045-EFCE-4678-A487-F9257FE2541B}.Release|Any CPU.Build.0 = Release|iPhoneSimulator
		{55A30045-EFCE-4678-A487-F9257FE2541B}.Release|Any CPU.Deploy.0 = Release|iPhoneSimulator
		{55A30045-EFCE-4678-A487-F9257FE2541B}.Release|iPhone.ActiveCfg = Release|iPhone
		{55A30045-EFCE-4678-A487-F9257FE2541B}.Release|iPhone.Build.0 = Release|iPhone
		{55A30045-EFCE-4678-A487-F9257FE2541B}.Release|iPhone.Deploy.0 = Release|iPhone
		{55A30045-EFCE-4678-A487-F9257FE2541B}.Release|iPhoneSimulator.ActiveCfg = Release|iPhoneSimulator
		{55A30045-EFCE-4678-A487-F9257FE2541B}.Release|iPhoneSimulator.Build.0 = Release|iPhoneSimulator
		{55A30045-EFCE-4678-A487-F9257FE2541B}.Release|iPhoneSimulator.Deploy.0 = Release|iPhoneSimulator
		{95B5735A-8835-4A25-B48E-5FC252ACCF89}.Debug|Any CPU.ActiveCfg = Debug|Any CPU
		{95B5735A-8835-4A25-B48E-5FC252ACCF89}.Debug|Any CPU.Build.0 = Debug|Any CPU
		{95B5735A-8835-4A25-B48E-5FC252ACCF89}.Debug|Any CPU.Deploy.0 = Debug|Any CPU
		{95B5735A-8835-4A25-B48E-5FC252ACCF89}.Debug|iPhone.ActiveCfg = Debug|Any CPU
		{95B5735A-8835-4A25-B48E-5FC252ACCF89}.Debug|iPhone.Build.0 = Debug|Any CPU
		{95B5735A-8835-4A25-B48E-5FC252ACCF89}.Debug|iPhone.Deploy.0 = Debug|Any CPU
		{95B5735A-8835-4A25-B48E-5FC252ACCF89}.Debug|iPhoneSimulator.ActiveCfg = Debug|Any CPU
		{95B5735A-8835-4A25-B48E-5FC252ACCF89}.Debug|iPhoneSimulator.Build.0 = Debug|Any CPU
		{95B5735A-8835-4A25-B48E-5FC252ACCF89}.Debug|iPhoneSimulator.Deploy.0 = Debug|Any CPU
		{95B5735A-8835-4A25-B48E-5FC252ACCF89}.Release|Any CPU.ActiveCfg = Release|Any CPU
		{95B5735A-8835-4A25-B48E-5FC252ACCF89}.Release|Any CPU.Build.0 = Release|Any CPU
		{95B5735A-8835-4A25-B48E-5FC252ACCF89}.Release|Any CPU.Deploy.0 = Release|Any CPU
		{95B5735A-8835-4A25-B48E-5FC252ACCF89}.Release|iPhone.ActiveCfg = Release|Any CPU
		{95B5735A-8835-4A25-B48E-5FC252ACCF89}.Release|iPhone.Build.0 = Release|Any CPU
		{95B5735A-8835-4A25-B48E-5FC252ACCF89}.Release|iPhone.Deploy.0 = Release|Any CPU
		{95B5735A-8835-4A25-B48E-5FC252ACCF89}.Release|iPhoneSimulator.ActiveCfg = Release|Any CPU
		{95B5735A-8835-4A25-B48E-5FC252ACCF89}.Release|iPhoneSimulator.Build.0 = Release|Any CPU
		{95B5735A-8835-4A25-B48E-5FC252ACCF89}.Release|iPhoneSimulator.Deploy.0 = Release|Any CPU
	EndGlobalSection
	GlobalSection(SolutionProperties) = preSolution
		HideSolutionNode = FALSE
	EndGlobalSection
	GlobalSection(ExtensibilityGlobals) = postSolution
		SolutionGuid = {591CEB8E-3F13-4629-8060-2BE476508B77}
	EndGlobalSection
EndGlobal
